
Microsoft Visual Studio Solution File, Format Version 12.00
# Visual Studio Version 16
VisualStudioVersion = 16.0.35706.149
MinimumVisualStudioVersion = 10.0.40219.1
Project("{8BC9CEB8-8B4A-11D0-8D11-00A0C91BC942}") = "LgBiosPwTool", "LgBiosPwTool\LgBiosPwTool.vcxproj", "{608C5BE1-3012-4BE5-A4D1-47455713FE19}"
EndProject
Global
	GlobalSection(SolutionConfigurationPlatforms) = preSolution
		Debug|x64 = Debug|x64
		Debug|x86 = Debug|x86
		Release|x64 = Release|x64
		Release|x86 = Release|x86
	EndGlobalSection
	GlobalSection(ProjectConfigurationPlatforms) = postSolution
		{608C5BE1-3012-4BE5-A4D1-47455713FE19}.Debug|x64.ActiveCfg = Debug|x64
		{608C5BE1-3012-4BE5-A4D1-47455713FE19}.Debug|x64.Build.0 = Debug|x64
		{608C5BE1-3012-4BE5-A4D1-47455713FE19}.Debug|x86.ActiveCfg = Debug|Win32
		{608C5BE1-3012-4BE5-A4D1-47455713FE19}.Debug|x86.Build.0 = Debug|Win32
		{608C5BE1-3012-4BE5-A4D1-47455713FE19}.Release|x64.ActiveCfg = Release|x64
		{608C5BE1-3012-4BE5-A4D1-47455713FE19}.Release|x64.Build.0 = Release|x64
		{608C5BE1-3012-4BE5-A4D1-47455713FE19}.Release|x86.ActiveCfg = Release|Win32
		{608C5BE1-3012-4BE5-A4D1-47455713FE19}.Release|x86.Build.0 = Release|Win32
	EndGlobalSection
	GlobalSection(SolutionProperties) = preSolution
		HideSolutionNode = FALSE
	EndGlobalSection
	GlobalSection(ExtensibilityGlobals) = postSolution
		SolutionGuid = {3F7F82EF-FB38-4E9B-B039-D2E99B42E340}
	EndGlobalSection
EndGlobal
